
Microsoft Visual Studio Solution File, Format Version 12.00
# Visual Studio Version 17
VisualStudioVersion = 17.7.34024.191
MinimumVisualStudioVersion = 10.0.40219.1
Project("{9A19103F-16F7-4668-BE54-9A1E7A4F7556}") = "OnlineBankingApp", "OnlineBankingApp.csproj", "{DB2489BC-B92F-4C52-B05F-EF0607D6BDEC}"
EndProject
Global
	GlobalSection(SolutionConfigurationPlatforms) = preSolution
		Debug|Any CPU = Debug|Any CPU
		Release|Any CPU = Release|Any CPU
	EndGlobalSection
	GlobalSection(ProjectConfigurationPlatforms) = postSolution
		{DB2489BC-B92F-4C52-B05F-EF0607D6BDEC}.Debug|Any CPU.ActiveCfg = Debug|Any CPU
		{DB2489BC-B92F-4C52-B05F-EF0607D6BDEC}.Debug|Any CPU.Build.0 = Debug|Any CPU
		{DB2489BC-B92F-4C52-B05F-EF0607D6BDEC}.Release|Any CPU.ActiveCfg = Release|Any CPU
		{DB2489BC-B92F-4C52-B05F-EF0607D6BDEC}.Release|Any CPU.Build.0 = Release|Any CPU
	EndGlobalSection
	GlobalSection(SolutionProperties) = preSolution
		HideSolutionNode = FALSE
	EndGlobalSection
	GlobalSection(ExtensibilityGlobals) = postSolution
		SolutionGuid = {05FCB078-4947-4C53-AF27-835F97C060D2}
	EndGlobalSection
EndGlobal
